
Microsoft Visual Studio Solution File, Format Version 12.00
# Visual Studio Version 17
VisualStudioVersion = 17.8.0
MinimumVisualStudioVersion = 10.0.40219.1
Project("{2150E333-8FDC-42A3-9474-1A3956D46DE8}") = "Solution Items", "Solution Items", "{8EC462FD-D22E-90A8-E5CE-7E832BA40C5D}"
	ProjectSection(SolutionItems) = preProject
		.dockerignore = .dockerignore
		.gitignore = .gitignore
		docker-compose.dev.yml = docker-compose.dev.yml
		docker-compose.infra.yml = docker-compose.infra.yml
		docker-compose.yml = docker-compose.yml
		start-docker.ps1 = start-docker.ps1
		start-docker.sh = start-docker.sh
		start-local.ps1 = start-local.ps1
	EndProjectSection
EndProject
Project("{2150E333-8FDC-42A3-9474-1A3956D46DE8}") = "src", "src", "{827E0CD3-B72D-47B6-A68D-7590B98EB39B}"
EndProject
Project("{FAE04EC0-301F-11D3-BF4B-00C04F79EFBC}") = "AdImpactOs", "src\AdImpactOs\AdImpactOs.csproj", "{15549B6A-93BD-4ECB-A57D-F5CAE94B3109}"
EndProject
Project("{FAE04EC0-301F-11D3-BF4B-00C04F79EFBC}") = "AdImpactOs.EventConsumer", "src\AdImpactOs.EventConsumer\AdImpactOs.EventConsumer.csproj", "{34336F48-5600-4931-BAD9-08655745B255}"
EndProject
Project("{FAE04EC0-301F-11D3-BF4B-00C04F79EFBC}") = "AdImpactOs.Survey", "src\AdImpactOs.Survey\AdImpactOs.Survey.csproj", "{E4AA3F29-4B7E-4486-A607-F76DE1647ED6}"
EndProject
Project("{FAE04EC0-301F-11D3-BF4B-00C04F79EFBC}") = "AdImpactOs.PanelistAPI", "src\AdImpactOs.PanelistAPI\AdImpactOs.PanelistAPI.csproj", "{207F1665-AF9E-4600-A7FE-203D13B1779E}"
EndProject
Project("{FAE04EC0-301F-11D3-BF4B-00C04F79EFBC}") = "AdImpactOs.Campaign", "src\AdImpactOs.Campaign\AdImpactOs.Campaign.csproj", "{A1B2C3D4-E5F6-7890-ABCD-EF1234567890}"
EndProject
Project("{2150E333-8FDC-42A3-9474-1A3956D46DE8}") = "tests", "tests", "{0AB3BF05-4346-4AA6-1389-037BE0695223}"
EndProject
Project("{FAE04EC0-301F-11D3-BF4B-00C04F79EFBC}") = "AdImpactOs.Tests", "tests\AdImpactOs.Tests\AdImpactOs.Tests.csproj", "{B1CAEDEA-029E-4E2F-BC78-451E136EDB2D}"
EndProject
Project("{FAE04EC0-301F-11D3-BF4B-00C04F79EFBC}") = "AdImpactOs.PanelistAPI.Tests", "tests\AdImpactOs.PanelistAPI.Tests\AdImpactOs.PanelistAPI.Tests.csproj", "{CA6AACA0-FF8B-411E-9549-63F8BB0C0298}"
EndProject
Project("{FAE04EC0-301F-11D3-BF4B-00C04F79EFBC}") = "AdImpactOs.Campaign.Tests", "tests\AdImpactOs.Campaign.Tests\AdImpactOs.Campaign.Tests.csproj", "{20E28AF4-639F-4839-A902-890800263C19}"
EndProject
Project("{FAE04EC0-301F-11D3-BF4B-00C04F79EFBC}") = "AdImpactOs.Survey.Tests", "tests\AdImpactOs.Survey.Tests\AdImpactOs.Survey.Tests.csproj", "{5FA9B732-8337-44B7-8DF2-3E0639227740}"
EndProject
Project("{FAE04EC0-301F-11D3-BF4B-00C04F79EFBC}") = "AdImpactOs.Dashboard", "src\AdImpactOs.Dashboard\AdImpactOs.Dashboard.csproj", "{C3AC0D7B-7E45-4C27-8840-0339E808E3F1}"
EndProject
Project("{FAE04EC0-301F-11D3-BF4B-00C04F79EFBC}") = "AdImpactOs.DemoUI", "src\AdImpactOs.DemoUI\AdImpactOs.DemoUI.csproj", "{9D5B52F2-5174-46BD-96F7-85D98DC83C1E}"
EndProject
Global
	GlobalSection(SolutionConfigurationPlatforms) = preSolution
		Debug|Any CPU = Debug|Any CPU
		Debug|x64 = Debug|x64
		Debug|x86 = Debug|x86
		Release|Any CPU = Release|Any CPU
		Release|x64 = Release|x64
		Release|x86 = Release|x86
	EndGlobalSection
	GlobalSection(ProjectConfigurationPlatforms) = postSolution
		{15549B6A-93BD-4ECB-A57D-F5CAE94B3109}.Debug|Any CPU.ActiveCfg = Debug|Any CPU
		{15549B6A-93BD-4ECB-A57D-F5CAE94B3109}.Debug|Any CPU.Build.0 = Debug|Any CPU
		{15549B6A-93BD-4ECB-A57D-F5CAE94B3109}.Debug|x64.ActiveCfg = Debug|Any CPU
		{15549B6A-93BD-4ECB-A57D-F5CAE94B3109}.Debug|x64.Build.0 = Debug|Any CPU
		{15549B6A-93BD-4ECB-A57D-F5CAE94B3109}.Debug|x86.ActiveCfg = Debug|Any CPU
		{15549B6A-93BD-4ECB-A57D-F5CAE94B3109}.Debug|x86.Build.0 = Debug|Any CPU
		{15549B6A-93BD-4ECB-A57D-F5CAE94B3109}.Release|Any CPU.ActiveCfg = Release|Any CPU
		{15549B6A-93BD-4ECB-A57D-F5CAE94B3109}.Release|Any CPU.Build.0 = Release|Any CPU
		{15549B6A-93BD-4ECB-A57D-F5CAE94B3109}.Release|x64.ActiveCfg = Release|Any CPU
		{15549B6A-93BD-4ECB-A57D-F5CAE94B3109}.Release|x64.Build.0 = Release|Any CPU
		{15549B6A-93BD-4ECB-A57D-F5CAE94B3109}.Release|x86.ActiveCfg = Release|Any CPU
		{15549B6A-93BD-4ECB-A57D-F5CAE94B3109}.Release|x86.Build.0 = Release|Any CPU
		{34336F48-5600-4931-BAD9-08655745B255}.Debug|Any CPU.ActiveCfg = Debug|Any CPU
		{34336F48-5600-4931-BAD9-08655745B255}.Debug|Any CPU.Build.0 = Debug|Any CPU
		{34336F48-5600-4931-BAD9-08655745B255}.Debug|x64.ActiveCfg = Debug|Any CPU
		{34336F48-5600-4931-BAD9-08655745B255}.Debug|x64.Build.0 = Debug|Any CPU
		{34336F48-5600-4931-BAD9-08655745B255}.Debug|x86.ActiveCfg = Debug|Any CPU
		{34336F48-5600-4931-BAD9-08655745B255}.Debug|x86.Build.0 = Debug|Any CPU
		{34336F48-5600-4931-BAD9-08655745B255}.Release|Any CPU.ActiveCfg = Release|Any CPU
		{34336F48-5600-4931-BAD9-08655745B255}.Release|Any CPU.Build.0 = Release|Any CPU
		{34336F48-5600-4931-BAD9-08655745B255}.Release|x64.ActiveCfg = Release|Any CPU
		{34336F48-5600-4931-BAD9-08655745B255}.Release|x64.Build.0 = Release|Any CPU
		{34336F48-5600-4931-BAD9-08655745B255}.Release|x86.ActiveCfg = Release|Any CPU
		{34336F48-5600-4931-BAD9-08655745B255}.Release|x86.Build.0 = Release|Any CPU
		{E4AA3F29-4B7E-4486-A607-F76DE1647ED6}.Debug|Any CPU.ActiveCfg = Debug|Any CPU
		{E4AA3F29-4B7E-4486-A607-F76DE1647ED6}.Debug|Any CPU.Build.0 = Debug|Any CPU
		{E4AA3F29-4B7E-4486-A607-F76DE1647ED6}.Debug|x64.ActiveCfg = Debug|Any CPU
		{E4AA3F29-4B7E-4486-A607-F76DE1647ED6}.Debug|x64.Build.0 = Debug|Any CPU
		{E4AA3F29-4B7E-4486-A607-F76DE1647ED6}.Debug|x86.ActiveCfg = Debug|Any CPU
		{E4AA3F29-4B7E-4486-A607-F76DE1647ED6}.Debug|x86.Build.0 = Debug|Any CPU
		{E4AA3F29-4B7E-4486-A607-F76DE1647ED6}.Release|Any CPU.ActiveCfg = Release|Any CPU
		{E4AA3F29-4B7E-4486-A607-F76DE1647ED6}.Release|Any CPU.Build.0 = Release|Any CPU
		{E4AA3F29-4B7E-4486-A607-F76DE1647ED6}.Release|x64.ActiveCfg = Release|Any CPU
		{E4AA3F29-4B7E-4486-A607-F76DE1647ED6}.Release|x64.Build.0 = Release|Any CPU
		{E4AA3F29-4B7E-4486-A607-F76DE1647ED6}.Release|x86.ActiveCfg = Release|Any CPU
		{E4AA3F29-4B7E-4486-A607-F76DE1647ED6}.Release|x86.Build.0 = Release|Any CPU
		{207F1665-AF9E-4600-A7FE-203D13B1779E}.Debug|Any CPU.ActiveCfg = Debug|Any CPU
		{207F1665-AF9E-4600-A7FE-203D13B1779E}.Debug|Any CPU.Build.0 = Debug|Any CPU
		{207F1665-AF9E-4600-A7FE-203D13B1779E}.Debug|x64.ActiveCfg = Debug|Any CPU
		{207F1665-AF9E-4600-A7FE-203D13B1779E}.Debug|x64.Build.0 = Debug|Any CPU
		{207F1665-AF9E-4600-A7FE-203D13B1779E}.Debug|x86.ActiveCfg = Debug|Any CPU
		{207F1665-AF9E-4600-A7FE-203D13B1779E}.Debug|x86.Build.0 = Debug|Any CPU
		{207F1665-AF9E-4600-A7FE-203D13B1779E}.Release|Any CPU.ActiveCfg = Release|Any CPU
		{207F1665-AF9E-4600-A7FE-203D13B1779E}.Release|Any CPU.Build.0 = Release|Any CPU
		{207F1665-AF9E-4600-A7FE-203D13B1779E}.Release|x64.ActiveCfg = Release|Any CPU
		{207F1665-AF9E-4600-A7FE-203D13B1779E}.Release|x64.Build.0 = Release|Any CPU
		{207F1665-AF9E-4600-A7FE-203D13B1779E}.Release|x86.ActiveCfg = Release|Any CPU
		{207F1665-AF9E-4600-A7FE-203D13B1779E}.Release|x86.Build.0 = Release|Any CPU
		{A1B2C3D4-E5F6-7890-ABCD-EF1234567890}.Debug|Any CPU.ActiveCfg = Debug|Any CPU
		{A1B2C3D4-E5F6-7890-ABCD-EF1234567890}.Debug|Any CPU.Build.0 = Debug|Any CPU
		{A1B2C3D4-E5F6-7890-ABCD-EF1234567890}.Debug|x64.ActiveCfg = Debug|Any CPU
		{A1B2C3D4-E5F6-7890-ABCD-EF1234567890}.Debug|x64.Build.0 = Debug|Any CPU
		{A1B2C3D4-E5F6-7890-ABCD-EF1234567890}.Debug|x86.ActiveCfg = Debug|Any CPU
		{A1B2C3D4-E5F6-7890-ABCD-EF1234567890}.Debug|x86.Build.0 = Debug|Any CPU
		{A1B2C3D4-E5F6-7890-ABCD-EF1234567890}.Release|Any CPU.ActiveCfg = Release|Any CPU
		{A1B2C3D4-E5F6-7890-ABCD-EF1234567890}.Release|Any CPU.Build.0 = Release|Any CPU
		{A1B2C3D4-E5F6-7890-ABCD-EF1234567890}.Release|x64.ActiveCfg = Release|Any CPU
		{A1B2C3D4-E5F6-7890-ABCD-EF1234567890}.Release|x64.Build.0 = Release|Any CPU
		{A1B2C3D4-E5F6-7890-ABCD-EF1234567890}.Release|x86.ActiveCfg = Release|Any CPU
		{A1B2C3D4-E5F6-7890-ABCD-EF1234567890}.Release|x86.Build.0 = Release|Any CPU
		{B1CAEDEA-029E-4E2F-BC78-451E136EDB2D}.Debug|Any CPU.ActiveCfg = Debug|Any CPU
		{B1CAEDEA-029E-4E2F-BC78-451E136EDB2D}.Debug|Any CPU.Build.0 = Debug|Any CPU
		{B1CAEDEA-029E-4E2F-BC78-451E136EDB2D}.Debug|x64.ActiveCfg = Debug|Any CPU
		{B1CAEDEA-029E-4E2F-BC78-451E136EDB2D}.Debug|x64.Build.0 = Debug|Any CPU
		{B1CAEDEA-029E-4E2F-BC78-451E136EDB2D}.Debug|x86.ActiveCfg = Debug|Any CPU
		{B1CAEDEA-029E-4E2F-BC78-451E136EDB2D}.Debug|x86.Build.0 = Debug|Any CPU
		{B1CAEDEA-029E-4E2F-BC78-451E136EDB2D}.Release|Any CPU.ActiveCfg = Release|Any CPU
		{B1CAEDEA-029E-4E2F-BC78-451E136EDB2D}.Release|Any CPU.Build.0 = Release|Any CPU
		{B1CAEDEA-029E-4E2F-BC78-451E136EDB2D}.Release|x64.ActiveCfg = Release|Any CPU
		{B1CAEDEA-029E-4E2F-BC78-451E136EDB2D}.Release|x64.Build.0 = Release|Any CPU
		{B1CAEDEA-029E-4E2F-BC78-451E136EDB2D}.Release|x86.ActiveCfg = Release|Any CPU
		{B1CAEDEA-029E-4E2F-BC78-451E136EDB2D}.Release|x86.Build.0 = Release|Any CPU
		{CA6AACA0-FF8B-411E-9549-63F8BB0C0298}.Debug|Any CPU.ActiveCfg = Debug|Any CPU
		{CA6AACA0-FF8B-411E-9549-63F8BB0C0298}.Debug|Any CPU.Build.0 = Debug|Any CPU
		{CA6AACA0-FF8B-411E-9549-63F8BB0C0298}.Debug|x64.ActiveCfg = Debug|Any CPU
		{CA6AACA0-FF8B-411E-9549-63F8BB0C0298}.Debug|x64.Build.0 = Debug|Any CPU
		{CA6AACA0-FF8B-411E-9549-63F8BB0C0298}.Debug|x86.ActiveCfg = Debug|Any CPU
		{CA6AACA0-FF8B-411E-9549-63F8BB0C0298}.Debug|x86.Build.0 = Debug|Any CPU
		{CA6AACA0-FF8B-411E-9549-63F8BB0C0298}.Release|Any CPU.ActiveCfg = Release|Any CPU
		{CA6AACA0-FF8B-411E-9549-63F8BB0C0298}.Release|Any CPU.Build.0 = Release|Any CPU
		{CA6AACA0-FF8B-411E-9549-63F8BB0C0298}.Release|x64.ActiveCfg = Release|Any CPU
		{CA6AACA0-FF8B-411E-9549-63F8BB0C0298}.Release|x64.Build.0 = Release|Any CPU
		{CA6AACA0-FF8B-411E-9549-63F8BB0C0298}.Release|x86.ActiveCfg = Release|Any CPU
		{CA6AACA0-FF8B-411E-9549-63F8BB0C0298}.Release|x86.Build.0 = Release|Any CPU
		{20E28AF4-639F-4839-A902-890800263C19}.Debug|Any CPU.ActiveCfg = Debug|Any CPU
		{20E28AF4-639F-4839-A902-890800263C19}.Debug|Any CPU.Build.0 = Debug|Any CPU
		{20E28AF4-639F-4839-A902-890800263C19}.Debug|x64.ActiveCfg = Debug|Any CPU
		{20E28AF4-639F-4839-A902-890800263C19}.Debug|x64.Build.0 = Debug|Any CPU
		{20E28AF4-639F-4839-A902-890800263C19}.Debug|x86.ActiveCfg = Debug|Any CPU
		{20E28AF4-639F-4839-A902-890800263C19}.Debug|x86.Build.0 = Debug|Any CPU
		{20E28AF4-639F-4839-A902-890800263C19}.Release|Any CPU.ActiveCfg = Release|Any CPU
		{20E28AF4-639F-4839-A902-890800263C19}.Release|Any CPU.Build.0 = Release|Any CPU
		{20E28AF4-639F-4839-A902-890800263C19}.Release|x64.ActiveCfg = Release|Any CPU
		{20E28AF4-639F-4839-A902-890800263C19}.Release|x64.Build.0 = Release|Any CPU
		{20E28AF4-639F-4839-A902-890800263C19}.Release|x86.ActiveCfg = Release|Any CPU
		{20E28AF4-639F-4839-A902-890800263C19}.Release|x86.Build.0 = Release|Any CPU
		{5FA9B732-8337-44B7-8DF2-3E0639227740}.Debug|Any CPU.ActiveCfg = Debug|Any CPU
		{5FA9B732-8337-44B7-8DF2-3E0639227740}.Debug|Any CPU.Build.0 = Debug|Any CPU
		{5FA9B732-8337-44B7-8DF2-3E0639227740}.Debug|x64.ActiveCfg = Debug|Any CPU
		{5FA9B732-8337-44B7-8DF2-3E0639227740}.Debug|x64.Build.0 = Debug|Any CPU
		{5FA9B732-8337-44B7-8DF2-3E0639227740}.Debug|x86.ActiveCfg = Debug|Any CPU
		{5FA9B732-8337-44B7-8DF2-3E0639227740}.Debug|x86.Build.0 = Debug|Any CPU
		{5FA9B732-8337-44B7-8DF2-3E0639227740}.Release|Any CPU.ActiveCfg = Release|Any CPU
		{5FA9B732-8337-44B7-8DF2-3E0639227740}.Release|Any CPU.Build.0 = Release|Any CPU
		{5FA9B732-8337-44B7-8DF2-3E0639227740}.Release|x64.ActiveCfg = Release|Any CPU
		{5FA9B732-8337-44B7-8DF2-3E0639227740}.Release|x64.Build.0 = Release|Any CPU
		{5FA9B732-8337-44B7-8DF2-3E0639227740}.Release|x86.ActiveCfg = Release|Any CPU
		{5FA9B732-8337-44B7-8DF2-3E0639227740}.Release|x86.Build.0 = Release|Any CPU
		{C3AC0D7B-7E45-4C27-8840-0339E808E3F1}.Debug|Any CPU.ActiveCfg = Debug|Any CPU
		{C3AC0D7B-7E45-4C27-8840-0339E808E3F1}.Debug|Any CPU.Build.0 = Debug|Any CPU
		{C3AC0D7B-7E45-4C27-8840-0339E808E3F1}.Debug|x64.ActiveCfg = Debug|Any CPU
		{C3AC0D7B-7E45-4C27-8840-0339E808E3F1}.Debug|x64.Build.0 = Debug|Any CPU
		{C3AC0D7B-7E45-4C27-8840-0339E808E3F1}.Debug|x86.ActiveCfg = Debug|Any CPU
		{C3AC0D7B-7E45-4C27-8840-0339E808E3F1}.Debug|x86.Build.0 = Debug|Any CPU
		{C3AC0D7B-7E45-4C27-8840-0339E808E3F1}.Release|Any CPU.ActiveCfg = Release|Any CPU
		{C3AC0D7B-7E45-4C27-8840-0339E808E3F1}.Release|Any CPU.Build.0 = Release|Any CPU
		{C3AC0D7B-7E45-4C27-8840-0339E808E3F1}.Release|x64.ActiveCfg = Release|Any CPU
		{C3AC0D7B-7E45-4C27-8840-0339E808E3F1}.Release|x64.Build.0 = Release|Any CPU
		{C3AC0D7B-7E45-4C27-8840-0339E808E3F1}.Release|x86.ActiveCfg = Release|Any CPU
		{C3AC0D7B-7E45-4C27-8840-0339E808E3F1}.Release|x86.Build.0 = Release|Any CPU
		{9D5B52F2-5174-46BD-96F7-85D98DC83C1E}.Debug|Any CPU.ActiveCfg = Debug|Any CPU
		{9D5B52F2-5174-46BD-96F7-85D98DC83C1E}.Debug|Any CPU.Build.0 = Debug|Any CPU
		{9D5B52F2-5174-46BD-96F7-85D98DC83C1E}.Debug|x64.ActiveCfg = Debug|Any CPU
		{9D5B52F2-5174-46BD-96F7-85D98DC83C1E}.Debug|x64.Build.0 = Debug|Any CPU
		{9D5B52F2-5174-46BD-96F7-85D98DC83C1E}.Debug|x86.ActiveCfg = Debug|Any CPU
		{9D5B52F2-5174-46BD-96F7-85D98DC83C1E}.Debug|x86.Build.0 = Debug|Any CPU
		{9D5B52F2-5174-46BD-96F7-85D98DC83C1E}.Release|Any CPU.ActiveCfg = Release|Any CPU
		{9D5B52F2-5174-46BD-96F7-85D98DC83C1E}.Release|Any CPU.Build.0 = Release|Any CPU
		{9D5B52F2-5174-46BD-96F7-85D98DC83C1E}.Release|x64.ActiveCfg = Release|Any CPU
		{9D5B52F2-5174-46BD-96F7-85D98DC83C1E}.Release|x64.Build.0 = Release|Any CPU
		{9D5B52F2-5174-46BD-96F7-85D98DC83C1E}.Release|x86.ActiveCfg = Release|Any CPU
		{9D5B52F2-5174-46BD-96F7-85D98DC83C1E}.Release|x86.Build.0 = Release|Any CPU
	EndGlobalSection
	GlobalSection(SolutionProperties) = preSolution
		HideSolutionNode = FALSE
	EndGlobalSection
	GlobalSection(NestedProjects) = preSolution
		{15549B6A-93BD-4ECB-A57D-F5CAE94B3109} = {827E0CD3-B72D-47B6-A68D-7590B98EB39B}
		{34336F48-5600-4931-BAD9-08655745B255} = {827E0CD3-B72D-47B6-A68D-7590B98EB39B}
		{E4AA3F29-4B7E-4486-A607-F76DE1647ED6} = {827E0CD3-B72D-47B6-A68D-7590B98EB39B}
		{207F1665-AF9E-4600-A7FE-203D13B1779E} = {827E0CD3-B72D-47B6-A68D-7590B98EB39B}
		{A1B2C3D4-E5F6-7890-ABCD-EF1234567890} = {827E0CD3-B72D-47B6-A68D-7590B98EB39B}
		{B1CAEDEA-029E-4E2F-BC78-451E136EDB2D} = {0AB3BF05-4346-4AA6-1389-037BE0695223}
		{CA6AACA0-FF8B-411E-9549-63F8BB0C0298} = {0AB3BF05-4346-4AA6-1389-037BE0695223}
		{20E28AF4-639F-4839-A902-890800263C19} = {0AB3BF05-4346-4AA6-1389-037BE0695223}
		{5FA9B732-8337-44B7-8DF2-3E0639227740} = {0AB3BF05-4346-4AA6-1389-037BE0695223}
		{C3AC0D7B-7E45-4C27-8840-0339E808E3F1} = {827E0CD3-B72D-47B6-A68D-7590B98EB39B}
		{9D5B52F2-5174-46BD-96F7-85D98DC83C1E} = {827E0CD3-B72D-47B6-A68D-7590B98EB39B}
	EndGlobalSection
	GlobalSection(ExtensibilityGlobals) = postSolution
		SolutionGuid = {5E737F83-F4C5-43E0-AF56-BCEC5217309E}
	EndGlobalSection
EndGlobal
